{
    "name": "devolute",
    "version": "1.0.0",
    "lockfileVersion": 3,
    "requires": true,
    "packages": {
        "": {
            "name": "devolute",
            "version": "1.0.0",
            "license": "ISC",
            "devDependencies": {
                "@webgpu/types": "^0.1.48",
                "typescript": "^5.6.3"
            }
        },
        "node_modules/@webgpu/types": {
            "version": "0.1.48",
            "resolved": "https://registry.npmjs.org/@webgpu/types/-/types-0.1.48.tgz",
            "integrity": "sha512-e3zmDEPih4Rle+JrP5cT8nCCtDizoUpEaN72OuD1clbhXGERtn0wwuMdxOrBymu3kMLWKDd8hd+ERhSheLuLTg==",
            "dev": true
        },
        "node_modules/typescript": {
            "version": "5.6.3",
            "resolved": "https://registry.npmjs.org/typescript/-/typescript-5.6.3.tgz",
            "integrity": "sha512-hjcS1mhfuyi4WW8IWtjP7brDrG2cuDZukyrYrSauoXGNgx0S7zceP07adYkJycEr56BOUTNPzbInooiN3fn1qw==",
            "dev": true,
            "bin": {
                "tsc": "bin/tsc",
                "tsserver": "bin/tsserver"
            },
            "engines": {
                "node": ">=14.17"
            }
        }
    }
}
